
Microsoft Visual Studio Solution File, Format Version 12.00
# Visual Studio 14
VisualStudioVersion = 14.0.25123.0
MinimumVisualStudioVersion = 10.0.40219.1
Project("{FAE04EC0-301F-11D3-BF4B-00C04F79EFBC}") = "System.Svg.Render.EPL", "System.Svg.Render.EPL\System.Svg.Render.EPL.csproj", "{9B74D70D-21F7-41DA-B146-EFF862672606}"
EndProject
Project("{FAE04EC0-301F-11D3-BF4B-00C04F79EFBC}") = "System.Svg.Render.EPL.Tests", "System.Svg.Render.EPL.Tests\System.Svg.Render.EPL.Tests.csproj", "{8F5C2455-87E7-41AD-9C37-A1F9F0D367FC}"
EndProject
Project("{FAE04EC0-301F-11D3-BF4B-00C04F79EFBC}") = "System.Svg.Render", "System.Svg.Render\System.Svg.Render.csproj", "{C4033E2E-4999-4728-A812-BA1A306DE35E}"
EndProject
Project("{2150E333-8FDC-42A3-9474-1A3956D46DE8}") = "Solution Items", "Solution Items", "{BC5AAFD4-9573-457D-96D7-02791F80523B}"
	ProjectSection(SolutionItems) = preProject
		..\LICENSE = ..\LICENSE
		..\README.md = ..\README.md
	EndProjectSection
EndProject
Global
	GlobalSection(SolutionConfigurationPlatforms) = preSolution
		Debug|Any CPU = Debug|Any CPU
		Release|Any CPU = Release|Any CPU
	EndGlobalSection
	GlobalSection(ProjectConfigurationPlatforms) = postSolution
		{9B74D70D-21F7-41DA-B146-EFF862672606}.Debug|Any CPU.ActiveCfg = Debug|Any CPU
		{9B74D70D-21F7-41DA-B146-EFF862672606}.Debug|Any CPU.Build.0 = Debug|Any CPU
		{9B74D70D-21F7-41DA-B146-EFF862672606}.Release|Any CPU.ActiveCfg = Release|Any CPU
		{9B74D70D-21F7-41DA-B146-EFF862672606}.Release|Any CPU.Build.0 = Release|Any CPU
		{8F5C2455-87E7-41AD-9C37-A1F9F0D367FC}.Debug|Any CPU.ActiveCfg = Debug|Any CPU
		{8F5C2455-87E7-41AD-9C37-A1F9F0D367FC}.Debug|Any CPU.Build.0 = Debug|Any CPU
		{8F5C2455-87E7-41AD-9C37-A1F9F0D367FC}.Release|Any CPU.ActiveCfg = Release|Any CPU
		{8F5C2455-87E7-41AD-9C37-A1F9F0D367FC}.Release|Any CPU.Build.0 = Release|Any CPU
		{C4033E2E-4999-4728-A812-BA1A306DE35E}.Debug|Any CPU.ActiveCfg = Debug|Any CPU
		{C4033E2E-4999-4728-A812-BA1A306DE35E}.Debug|Any CPU.Build.0 = Debug|Any CPU
		{C4033E2E-4999-4728-A812-BA1A306DE35E}.Release|Any CPU.ActiveCfg = Release|Any CPU
		{C4033E2E-4999-4728-A812-BA1A306DE35E}.Release|Any CPU.Build.0 = Release|Any CPU
	EndGlobalSection
	GlobalSection(SolutionProperties) = preSolution
		HideSolutionNode = FALSE
	EndGlobalSection
EndGlobal
